github.com/iamgafurov/bank v0.0.0-20200924063733-286bb06b1b83 h1:zsue+g3rDq0FPCIn256zcW/EbYeZ98eJ/mhF6AG9T4U=
github.com/iamgafurov/bank v0.0.0-20200924070235-84630616ec0d h1:4XbdGhfFNfbV3e19lflawXDqjReUvjEThojngP9WCbQ=
github.com/iamgafurov/bank v0.0.0-20200924070235-84630616ec0d/go.mod h1:o0wm2aIKr2AO8L09mQj6gEkh/Gdu7UpmgHzdHwW2z8g=
github.com/iamgafurov/bank v0.0.0-20200924071531-c561d13f843e h1:AURLyruLWguRRLpdPQySQszDN6+JYsJZCiB7h9FcEKQ=
github.com/iamgafurov/bank v0.0.0-20200924071531-c561d13f843e/go.mod h1:o0wm2aIKr2AO8L09mQj6gEkh/Gdu7UpmgHzdHwW2z8g=
