github.com/iamgafurov/bank v1.0.0 h1:mnTLil6GZi1f07UZCVPo8aXQHXrgchbcovoEz4e3Qws=
github.com/iamgafurov/bank v1.0.0/go.mod h1:o0wm2aIKr2AO8L09mQj6gEkh/Gdu7UpmgHzdHwW2z8g=
github.com/iamgafurov/bank/v2 v2.0.0 h1:I+LSHuKtCy+YtCokIEPn9pwTGN1ZZnNJxw7GeYQAj90=
github.com/iamgafurov/bank/v2 v2.0.0/go.mod h1:8sYpuKMo9uF/4MzjQjlF/q53FqyQ5CefYr+5c+StK1Y=
